// !$*UTF8*$!
{
	archiveVersion = 1;
	classes = {
	};
	objectVersion = 46;
	objects = {

/* Begin PBXBuildFile section */
		00BFD4DD18A137A000F8A83D /* Foundation.framework in Frameworks */ = {isa = PBXBuildFile; fileRef = 00BFD4DC18A137A000F8A83D /* Foundation.framework */; };
		00BFD4DF18A137A000F8A83D /* CoreGraphics.framework in Frameworks */ = {isa = PBXBuildFile; fileRef = 00BFD4DE18A137A000F8A83D /* CoreGraphics.framework */; };
		00BFD4E118A137A000F8A83D /* UIKit.framework in Frameworks */ = {isa = PBXBuildFile; fileRef = 00BFD4E018A137A000F8A83D /* UIKit.framework */; };
		00BFD4E718A137A000F8A83D /* InfoPlist.strings in Resources */ = {isa = PBXBuildFile; fileRef = 00BFD4E518A137A000F8A83D /* InfoPlist.strings */; };
		00BFD4E918A137A000F8A83D /* main.m in Sources */ = {isa = PBXBuildFile; fileRef = 00BFD4E818A137A000F8A83D /* main.m */; };
		00BFD4ED18A137A000F8A83D /* SAAppDelegate.m in Sources */ = {isa = PBXBuildFile; fileRef = 00BFD4EC18A137A000F8A83D /* SAAppDelegate.m */; };
		00BFD4EF18A137A000F8A83D /* Images.xcassets in Resources */ = {isa = PBXBuildFile; fileRef = 00BFD4EE18A137A000F8A83D /* Images.xcassets */; };
		00BFD4F618A137A000F8A83D /* XCTest.framework in Frameworks */ = {isa = PBXBuildFile; fileRef = 00BFD4F518A137A000F8A83D /* XCTest.framework */; };
		00BFD4F718A137A000F8A83D /* Foundation.framework in Frameworks */ = {isa = PBXBuildFile; fileRef = 00BFD4DC18A137A000F8A83D /* Foundation.framework */; };
		00BFD4F818A137A000F8A83D /* UIKit.framework in Frameworks */ = {isa = PBXBuildFile; fileRef = 00BFD4E018A137A000F8A83D /* UIKit.framework */; };
		00BFD50018A137A000F8A83D /* InfoPlist.strings in Resources */ = {isa = PBXBuildFile; fileRef = 00BFD4FE18A137A000F8A83D /* InfoPlist.strings */; };
		00BFD50218A137A000F8A83D /* SnapChatTests.m in Sources */ = {isa = PBXBuildFile; fileRef = 00BFD50118A137A000F8A83D /* SnapChatTests.m */; };
/* End PBXBuildFile section */

/* Begin PBXContainerItemProxy section */
		00BFD4F918A137A000F8A83D /* PBXContainerItemProxy */ = {
			isa = PBXContainerItemProxy;
			containerPortal = 00BFD4D118A137A000F8A83D /* Project object */;
			proxyType = 1;
			remoteGlobalIDString = 00BFD4D818A137A000F8A83D;
			remoteInfo = SnapChat;
		};
/* End PBXContainerItemProxy section */

/* Begin PBXFileReference section */
		00BFD4D918A137A000F8A83D /* SnapChat.app */ = {isa = PBXFileReference; explicitFileType = wrapper.application; includeInIndex = 0; path = SnapChat.app; sourceTree = BUILT_PRODUCTS_DIR; };
		00BFD4DC18A137A000F8A83D /* Foundation.framework */ = {isa = PBXFileReference; lastKnownFileType = wrapper.framework; name = Foundation.framework; path = System/Library/Frameworks/Foundation.framework; sourceTree = SDKROOT; };
		00BFD4DE18A137A000F8A83D /* CoreGraphics.framework */ = {isa = PBXFileReference; lastKnownFileType = wrapper.framework; name = CoreGraphics.framework; path = System/Library/Frameworks/CoreGraphics.framework; sourceTree = SDKROOT; };
		00BFD4E018A137A000F8A83D /* UIKit.framework */ = {isa = PBXFileReference; lastKnownFileType = wrapper.framework; name = UIKit.framework; path = System/Library/Frameworks/UIKit.framework; sourceTree = SDKROOT; };
		00BFD4E418A137A000F8A83D /* SnapChat-Info.plist */ = {isa = PBXFileReference; lastKnownFileType = text.plist.xml; path = "SnapChat-Info.plist"; sourceTree = "<group>"; };
		00BFD4E618A137A000F8A83D /* en */ = {isa = PBXFileReference; lastKnownFileType = text.plist.strings; name = en; path = en.lproj/InfoPlist.strings; sourceTree = "<group>"; };
		00BFD4E818A137A000F8A83D /* main.m */ = {isa = PBXFileReference; lastKnownFileType = sourcecode.c.objc; path = main.m; sourceTree = "<group>"; };
		00BFD4EA18A137A000F8A83D /* SnapChat-Prefix.pch */ = {isa = PBXFileReference; lastKnownFileType = sourcecode.c.h; path = "SnapChat-Prefix.pch"; sourceTree = "<group>"; };
		00BFD4EB18A137A000F8A83D /* SAAppDelegate.h */ = {isa = PBXFileReference; lastKnownFileType = sourcecode.c.h; path = SAAppDelegate.h; sourceTree = "<group>"; };
		00BFD4EC18A137A000F8A83D /* SAAppDelegate.m */ = {isa = PBXFileReference; lastKnownFileType = sourcecode.c.objc; path = SAAppDelegate.m; sourceTree = "<group>"; };
		00BFD4EE18A137A000F8A83D /* Images.xcassets */ = {isa = PBXFileReference; lastKnownFileType = folder.assetcatalog; path = Images.xcassets; sourceTree = "<group>"; };
		00BFD4F418A137A000F8A83D /* SnapChatTests.xctest */ = {isa = PBXFileReference; explicitFileType = wrapper.cfbundle; includeInIndex = 0; path = SnapChatTests.xctest; sourceTree = BUILT_PRODUCTS_DIR; };
		00BFD4F518A137A000F8A83D /* XCTest.framework */ = {isa = PBXFileReference; lastKnownFileType = wrapper.framework; name = XCTest.framework; path = Library/Frameworks/XCTest.framework; sourceTree = DEVELOPER_DIR; };
		00BFD4FD18A137A000F8A83D /* SnapChatTests-Info.plist */ = {isa = PBXFileReference; lastKnownFileType = text.plist.xml; path = "SnapChatTests-Info.plist"; sourceTree = "<group>"; };
		00BFD4FF18A137A000F8A83D /* en */ = {isa = PBXFileReference; lastKnownFileType = text.plist.strings; name = en; path = en.lproj/InfoPlist.strings; sourceTree = "<group>"; };
		00BFD50118A137A000F8A83D /* SnapChatTests.m */ = {isa = PBXFileReference; lastKnownFileType = sourcecode.c.objc; path = SnapChatTests.m; sourceTree = "<group>"; };
/* End PBXFileReference section */

/* Begin PBXFrameworksBuildPhase section */
		00BFD4D618A137A000F8A83D /* Frameworks */ = {
			isa = PBXFrameworksBuildPhase;
			buildActionMask = 2147483647;
			files = (
				00BFD4DF18A137A000F8A83D /* CoreGraphics.framework in Frameworks */,
				00BFD4E118A137A000F8A83D /* UIKit.framework in Frameworks */,
				00BFD4DD18A137A000F8A83D /* Foundation.framework in Frameworks */,
			);
			runOnlyForDeploymentPostprocessing = 0;
		};
		00BFD4F118A137A000F8A83D /* Frameworks */ = {
			isa = PBXFrameworksBuildPhase;
			buildActionMask = 2147483647;
			files = (
				00BFD4F618A137A000F8A83D /* XCTest.framework in Frameworks */,
				00BFD4F818A137A000F8A83D /* UIKit.framework in Frameworks */,
				00BFD4F718A137A000F8A83D /* Foundation.framework in Frameworks */,
			);
			runOnlyForDeploymentPostprocessing = 0;
		};
/* End PBXFrameworksBuildPhase section */

/* Begin PBXGroup section */
		00BFD4D018A137A000F8A83D = {
			isa = PBXGroup;
			children = (
				00BFD4E218A137A000F8A83D /* SnapChat */,
				00BFD4FB18A137A000F8A83D /* SnapChatTests */,
				00BFD4DB18A137A000F8A83D /* Frameworks */,
				00BFD4DA18A137A000F8A83D /* Products */,
			);
			sourceTree = "<group>";
		};
		00BFD4DA18A137A000F8A83D /* Products */ = {
			isa = PBXGroup;
			children = (
				00BFD4D918A137A000F8A83D /* SnapChat.app */,
				00BFD4F418A137A000F8A83D /* SnapChatTests.xctest */,
			);
			name = Products;
			sourceTree = "<group>";
		};
		00BFD4DB18A137A000F8A83D /* Frameworks */ = {
			isa = PBXGroup;
			children = (
				00BFD4DC18A137A000F8A83D /* Foundation.framework */,
				00BFD4DE18A137A000F8A83D /* CoreGraphics.framework */,
				00BFD4E018A137A000F8A83D /* UIKit.framework */,
				00BFD4F518A137A000F8A83D /* XCTest.framework */,
			);
			name = Frameworks;
			sourceTree = "<group>";
		};
		00BFD4E218A137A000F8A83D /* SnapChat */ = {
			isa = PBXGroup;
			children = (
				00BFD4EB18A137A000F8A83D /* SAAppDelegate.h */,
				00BFD4EC18A137A000F8A83D /* SAAppDelegate.m */,
				00BFD4EE18A137A000F8A83D /* Images.xcassets */,
				00BFD4E318A137A000F8A83D /* Supporting Files */,
			);
			path = SnapChat;
			sourceTree = "<group>";
		};
		00BFD4E318A137A000F8A83D /* Supporting Files */ = {
			isa = PBXGroup;
			children = (
				00BFD4E418A137A000F8A83D /* SnapChat-Info.plist */,
				00BFD4E518A137A000F8A83D /* InfoPlist.strings */,
				00BFD4E818A137A000F8A83D /* main.m */,
				00BFD4EA18A137A000F8A83D /* SnapChat-Prefix.pch */,
			);
			name = "Supporting Files";
			sourceTree = "<group>";
		};
		00BFD4FB18A137A000F8A83D /* SnapChatTests */ = {
			isa = PBXGroup;
			children = (
				00BFD50118A137A000F8A83D /* SnapChatTests.m */,
				00BFD4FC18A137A000F8A83D /* Supporting Files */,
			);
			path = SnapChatTests;
			sourceTree = "<group>";
		};
		00BFD4FC18A137A000F8A83D /* Supporting Files */ = {
			isa = PBXGroup;
			children = (
				00BFD4FD18A137A000F8A83D /* SnapChatTests-Info.plist */,
				00BFD4FE18A137A000F8A83D /* InfoPlist.strings */,
			);
			name = "Supporting Files";
			sourceTree = "<group>";
		};
/* End PBXGroup section */

/* Begin PBXNativeTarget section */
		00BFD4D818A137A000F8A83D /* SnapChat */ = {
			isa = PBXNativeTarget;
			buildConfigurationList = 00BFD50518A137A000F8A83D /* Build configuration list for PBXNativeTarget "SnapChat" */;
			buildPhases = (
				00BFD4D518A137A000F8A83D /* Sources */,
				00BFD4D618A137A000F8A83D /* Frameworks */,
				00BFD4D718A137A000F8A83D /* Resources */,
			);
			buildRules = (
			);
			dependencies = (
			);
			name = SnapChat;
			productName = SnapChat;
			productReference = 00BFD4D918A137A000F8A83D /* SnapChat.app */;
			productType = "com.apple.product-type.application";
		};
		00BFD4F318A137A000F8A83D /* SnapChatTests */ = {
			isa = PBXNativeTarget;
			buildConfigurationList = 00BFD50818A137A000F8A83D /* Build configuration list for PBXNativeTarget "SnapChatTests" */;
			buildPhases = (
				00BFD4F018A137A000F8A83D /* Sources */,
				00BFD4F118A137A000F8A83D /* Frameworks */,
				00BFD4F218A137A000F8A83D /* Resources */,
			);
			buildRules = (
			);
			dependencies = (
				00BFD4FA18A137A000F8A83D /* PBXTargetDependency */,
			);
			name = SnapChatTests;
			productName = SnapChatTests;
			productReference = 00BFD4F418A137A000F8A83D /* SnapChatTests.xctest */;
			productType = "com.apple.product-type.bundle.unit-test";
		};
/* End PBXNativeTarget section */

/* Begin PBXProject section */
		00BFD4D118A137A000F8A83D /* Project object */ = {
			isa = PBXProject;
			attributes = {
				CLASSPREFIX = SA;
				LastUpgradeCheck = 0500;
				ORGANIZATIONNAME = SopaipillApps;
				TargetAttributes = {
					00BFD4F318A137A000F8A83D = {
						TestTargetID = 00BFD4D818A137A000F8A83D;
					};
				};
			};
			buildConfigurationList = 00BFD4D418A137A000F8A83D /* Build configuration list for PBXProject "SnapChat" */;
			compatibilityVersion = "Xcode 3.2";
			developmentRegion = English;
			hasScannedForEncodings = 0;
			knownRegions = (
				en,
			);
			mainGroup = 00BFD4D018A137A000F8A83D;
			productRefGroup = 00BFD4DA18A137A000F8A83D /* Products */;
			projectDirPath = "";
			projectRoot = "";
			targets = (
				00BFD4D818A137A000F8A83D /* SnapChat */,
				00BFD4F318A137A000F8A83D /* SnapChatTests */,
			);
		};
/* End PBXProject section */

/* Begin PBXResourcesBuildPhase section */
		00BFD4D718A137A000F8A83D /* Resources */ = {
			isa = PBXResourcesBuildPhase;
			buildActionMask = 2147483647;
			files = (
				00BFD4E718A137A000F8A83D /* InfoPlist.strings in Resources */,
				00BFD4EF18A137A000F8A83D /* Images.xcassets in Resources */,
			);
			runOnlyForDeploymentPostprocessing = 0;
		};
		00BFD4F218A137A000F8A83D /* Resources */ = {
			isa = PBXResourcesBuildPhase;
			buildActionMask = 2147483647;
			files = (
				00BFD50018A137A000F8A83D /* InfoPlist.strings in Resources */,
			);
			runOnlyForDeploymentPostprocessing = 0;
		};
/* End PBXResourcesBuildPhase section */

/* Begin PBXSourcesBuildPhase section */
		00BFD4D518A137A000F8A83D /* Sources */ = {
			isa = PBXSourcesBuildPhase;
			buildActionMask = 2147483647;
			files = (
				00BFD4ED18A137A000F8A83D /* SAAppDelegate.m in Sources */,
				00BFD4E918A137A000F8A83D /* main.m in Sources */,
			);
			runOnlyForDeploymentPostprocessing = 0;
		};
		00BFD4F018A137A000F8A83D /* Sources */ = {
			isa = PBXSourcesBuildPhase;
			buildActionMask = 2147483647;
			files = (
				00BFD50218A137A000F8A83D /* SnapChatTests.m in Sources */,
			);
			runOnlyForDeploymentPostprocessing = 0;
		};
/* End PBXSourcesBuildPhase section */

/* Begin PBXTargetDependency section */
		00BFD4FA18A137A000F8A83D /* PBXTargetDependency */ = {
			isa = PBXTargetDependency;
			target = 00BFD4D818A137A000F8A83D /* SnapChat */;
			targetProxy = 00BFD4F918A137A000F8A83D /* PBXContainerItemProxy */;
		};
/* End PBXTargetDependency section */

/* Begin PBXVariantGroup section */
		00BFD4E518A137A000F8A83D /* InfoPlist.strings */ = {
			isa = PBXVariantGroup;
			children = (
				00BFD4E618A137A000F8A83D /* en */,
			);
			name = InfoPlist.strings;
			sourceTree = "<group>";
		};
		00BFD4FE18A137A000F8A83D /* InfoPlist.strings */ = {
			isa = PBXVariantGroup;
			children = (
				00BFD4FF18A137A000F8A83D /* en */,
			);
			name = InfoPlist.strings;
			sourceTree = "<group>";
		};
/* End PBXVariantGroup section */

/* Begin XCBuildConfiguration section */
		00BFD50318A137A000F8A83D /* Debug */ = {
			isa = XCBuildConfiguration;
			buildSettings = {
				ALWAYS_SEARCH_USER_PATHS = NO;
				ARCHS = "$(ARCHS_STANDARD_INCLUDING_64_BIT)";
				CLANG_CXX_LANGUAGE_STANDARD = "gnu++0x";
				CLANG_CXX_LIBRARY = "libc++";
				CLANG_ENABLE_MODULES = YES;
				CLANG_ENABLE_OBJC_ARC = YES;
				CLANG_WARN_BOOL_CONVERSION = YES;
				CLANG_WARN_CONSTANT_CONVERSION = YES;
				CLANG_WARN_DIRECT_OBJC_ISA_USAGE = YES_ERROR;
				CLANG_WARN_EMPTY_BODY = YES;
				CLANG_WARN_ENUM_CONVERSION = YES;
				CLANG_WARN_INT_CONVERSION = YES;
				CLANG_WARN_OBJC_ROOT_CLASS = YES_ERROR;
				CLANG_WARN__DUPLICATE_METHOD_MATCH = YES;
				"CODE_SIGN_IDENTITY[sdk=iphoneos*]" = "iPhone Developer";
				COPY_PHASE_STRIP = NO;
				GCC_C_LANGUAGE_STANDARD = gnu99;
				GCC_DYNAMIC_NO_PIC = NO;
				GCC_OPTIMIZATION_LEVEL = 0;
				GCC_PREPROCESSOR_DEFINITIONS = (
					"DEBUG=1",
					"$(inherited)",
				);
				GCC_SYMBOLS_PRIVATE_EXTERN = NO;
				GCC_WARN_64_TO_32_BIT_CONVERSION = YES;
				GCC_WARN_ABOUT_RETURN_TYPE = YES_ERROR;
				GCC_WARN_UNDECLARED_SELECTOR = YES;
				GCC_WARN_UNINITIALIZED_AUTOS = YES;
				GCC_WARN_UNUSED_FUNCTION = YES;
				GCC_WARN_UNUSED_VARIABLE = YES;
				IPHONEOS_DEPLOYMENT_TARGET = 7.0;
				ONLY_ACTIVE_ARCH = YES;
				SDKROOT = iphoneos;
			};
			name = Debug;
		};
		00BFD50418A137A000F8A83D /* Release */ = {
			isa = XCBuildConfiguration;
			buildSettings = {
				ALWAYS_SEARCH_USER_PATHS = NO;
				ARCHS = "$(ARCHS_STANDARD_INCLUDING_64_BIT)";
				CLANG_CXX_LANGUAGE_STANDARD = "gnu++0x";
				CLANG_CXX_LIBRARY = "libc++";
				CLANG_ENABLE_MODULES = YES;
				CLANG_ENABLE_OBJC_ARC = YES;
				CLANG_WARN_BOOL_CONVERSION = YES;
				CLANG_WARN_CONSTANT_CONVERSION = YES;
				CLANG_WARN_DIRECT_OBJC_ISA_USAGE = YES_ERROR;
				CLANG_WARN_EMPTY_BODY = YES;
				CLANG_WARN_ENUM_CONVERSION = YES;
				CLANG_WARN_INT_CONVERSION = YES;
				CLANG_WARN_OBJC_ROOT_CLASS = YES_ERROR;
				CLANG_WARN__DUPLICATE_METHOD_MATCH = YES;
				"CODE_SIGN_IDENTITY[sdk=iphoneos*]" = "iPhone Developer";
				COPY_PHASE_STRIP = YES;
				ENABLE_NS_ASSERTIONS = NO;
				GCC_C_LANGUAGE_STANDARD = gnu99;
				GCC_WARN_64_TO_32_BIT_CONVERSION = YES;
				GCC_WARN_ABOUT_RETURN_TYPE = YES_ERROR;
				GCC_WARN_UNDECLARED_SELECTOR = YES;
				GCC_WARN_UNINITIALIZED_AUTOS = YES;
				GCC_WARN_UNUSED_FUNCTION = YES;
				GCC_WARN_UNUSED_VARIABLE = YES;
				IPHONEOS_DEPLOYMENT_TARGET = 7.0;
				SDKROOT = iphoneos;
				VALIDATE_PRODUCT = YES;
			};
			name = Release;
		};
		00BFD50618A137A000F8A83D /* Debug */ = {
			isa = XCBuildConfiguration;
			buildSettings = {
				ASSETCATALOG_COMPILER_APPICON_NAME = AppIcon;
				ASSETCATALOG_COMPILER_LAUNCHIMAGE_NAME = LaunchImage;
				GCC_PRECOMPILE_PREFIX_HEADER = YES;
				GCC_PREFIX_HEADER = "SnapChat/SnapChat-Prefix.pch";
				INFOPLIST_FILE = "SnapChat/SnapChat-Info.plist";
				PRODUCT_NAME = "$(TARGET_NAME)";
				WRAPPER_EXTENSION = app;
			};
			name = Debug;
		};
		00BFD50718A137A000F8A83D /* Release */ = {
			isa = XCBuildConfiguration;
			buildSettings = {
				ASSETCATALOG_COMPILER_APPICON_NAME = AppIcon;
				ASSETCATALOG_COMPILER_LAUNCHIMAGE_NAME = LaunchImage;
				GCC_PRECOMPILE_PREFIX_HEADER = YES;
				GCC_PREFIX_HEADER = "SnapChat/SnapChat-Prefix.pch";
				INFOPLIST_FILE = "SnapChat/SnapChat-Info.plist";
				PRODUCT_NAME = "$(TARGET_NAME)";
				WRAPPER_EXTENSION = app;
			};
			name = Release;
		};
		00BFD50918A137A000F8A83D /* Debug */ = {
			isa = XCBuildConfiguration;
			buildSettings = {
				ARCHS = "$(ARCHS_STANDARD_INCLUDING_64_BIT)";
				BUNDLE_LOADER = "$(BUILT_PRODUCTS_DIR)/SnapChat.app/SnapChat";
				FRAMEWORK_SEARCH_PATHS = (
					"$(SDKROOT)/Developer/Library/Frameworks",
					"$(inherited)",
					"$(DEVELOPER_FRAMEWORKS_DIR)",
				);
				GCC_PRECOMPILE_PREFIX_HEADER = YES;
				GCC_PREFIX_HEADER = "SnapChat/SnapChat-Prefix.pch";
				GCC_PREPROCESSOR_DEFINITIONS = (
					"DEBUG=1",
					"$(inherited)",
				);
				INFOPLIST_FILE = "SnapChatTests/SnapChatTests-Info.plist";
				PRODUCT_NAME = "$(TARGET_NAME)";
				TEST_HOST = "$(BUNDLE_LOADER)";
				WRAPPER_EXTENSION = xctest;
			};
			name = Debug;
		};
		00BFD50A18A137A000F8A83D /* Release */ = {
			isa = XCBuildConfiguration;
			buildSettings = {
				ARCHS = "$(ARCHS_STANDARD_INCLUDING_64_BIT)";
				BUNDLE_LOADER = "$(BUILT_PRODUCTS_DIR)/SnapChat.app/SnapChat";
				FRAMEWORK_SEARCH_PATHS = (
					"$(SDKROOT)/Developer/Library/Frameworks",
					"$(inherited)",
					"$(DEVELOPER_FRAMEWORKS_DIR)",
				);
				GCC_PRECOMPILE_PREFIX_HEADER = YES;
				GCC_PREFIX_HEADER = "SnapChat/SnapChat-Prefix.pch";
				INFOPLIST_FILE = "SnapChatTests/SnapChatTests-Info.plist";
				PRODUCT_NAME = "$(TARGET_NAME)";
				TEST_HOST = "$(BUNDLE_LOADER)";
				WRAPPER_EXTENSION = xctest;
			};
			name = Release;
		};
/* End XCBuildConfiguration section */

/* Begin XCConfigurationList section */
		00BFD4D418A137A000F8A83D /* Build configuration list for PBXProject "SnapChat" */ = {
			isa = XCConfigurationList;
			buildConfigurations = (
				00BFD50318A137A000F8A83D /* Debug */,
				00BFD50418A137A000F8A83D /* Release */,
			);
			defaultConfigurationIsVisible = 0;
			defaultConfigurationName = Release;
		};
		00BFD50518A137A000F8A83D /* Build configuration list for PBXNativeTarget "SnapChat" */ = {
			isa = XCConfigurationList;
			buildConfigurations = (
				00BFD50618A137A000F8A83D /* Debug */,
				00BFD50718A137A000F8A83D /* Release */,
			);
			defaultConfigurationIsVisible = 0;
		};
		00BFD50818A137A000F8A83D /* Build configuration list for PBXNativeTarget "SnapChatTests" */ = {
			isa = XCConfigurationList;
			buildConfigurations = (
				00BFD50918A137A000F8A83D /* Debug */,
				00BFD50A18A137A000F8A83D /* Release */,
			);
			defaultConfigurationIsVisible = 0;
		};
/* End XCConfigurationList section */
	};
	rootObject = 00BFD4D118A137A000F8A83D /* Project object */;
}
